// !$*UTF8*$!
{
	archiveVersion = 1;
	classes = {
	};
	objectVersion = 46;
	objects = {

/* Begin PBXBuildFile section */
		07EED7471BFE26A0004ACD9A /* main.m in Sources */ = {isa = PBXBuildFile; fileRef = 07EED7461BFE26A0004ACD9A /* main.m */; };
		07EED74A1BFE26A0004ACD9A /* AppDelegate.m in Sources */ = {isa = PBXBuildFile; fileRef = 07EED7491BFE26A0004ACD9A /* AppDelegate.m */; };
		07EED74D1BFE26A0004ACD9A /* ViewController.m in Sources */ = {isa = PBXBuildFile; fileRef = 07EED74C1BFE26A0004ACD9A /* ViewController.m */; };
		07EED7501BFE26A0004ACD9A /* Main.storyboard in Resources */ = {isa = PBXBuildFile; fileRef = 07EED74E1BFE26A0004ACD9A /* Main.storyboard */; };
		07EED7521BFE26A0004ACD9A /* Images.xcassets in Resources */ = {isa = PBXBuildFile; fileRef = 07EED7511BFE26A0004ACD9A /* Images.xcassets */; };
		07EED7551BFE26A0004ACD9A /* LaunchScreen.xib in Resources */ = {isa = PBXBuildFile; fileRef = 07EED7531BFE26A0004ACD9A /* LaunchScreen.xib */; };
		07EED7611BFE26A1004ACD9A /* iphone_1Tests.m in Sources */ = {isa = PBXBuildFile; fileRef = 07EED7601BFE26A1004ACD9A /* iphone_1Tests.m */; };
/* End PBXBuildFile section */

/* Begin PBXContainerItemProxy section */
		07EED75B1BFE26A0004ACD9A /* PBXContainerItemProxy */ = {
			isa = PBXContainerItemProxy;
			containerPortal = 07EED7391BFE26A0004ACD9A /* Project object */;
			proxyType = 1;
			remoteGlobalIDString = 07EED7401BFE26A0004ACD9A;
			remoteInfo = iphone_1;
		};
/* End PBXContainerItemProxy section */

/* Begin PBXFileReference section */
		07EED7411BFE26A0004ACD9A /* iphone_1.app */ = {isa = PBXFileReference; explicitFileType = wrapper.application; includeInIndex = 0; path = iphone_1.app; sourceTree = BUILT_PRODUCTS_DIR; };
		07EED7451BFE26A0004ACD9A /* Info.plist */ = {isa = PBXFileReference; lastKnownFileType = text.plist.xml; path = Info.plist; sourceTree = "<group>"; };
		07EED7461BFE26A0004ACD9A /* main.m */ = {isa = PBXFileReference; lastKnownFileType = sourcecode.c.objc; path = main.m; sourceTree = "<group>"; };
		07EED7481BFE26A0004ACD9A /* AppDelegate.h */ = {isa = PBXFileReference; lastKnownFileType = sourcecode.c.h; path = AppDelegate.h; sourceTree = "<group>"; };
		07EED7491BFE26A0004ACD9A /* AppDelegate.m */ = {isa = PBXFileReference; lastKnownFileType = sourcecode.c.objc; path = AppDelegate.m; sourceTree = "<group>"; };
		07EED74B1BFE26A0004ACD9A /* ViewController.h */ = {isa = PBXFileReference; lastKnownFileType = sourcecode.c.h; path = ViewController.h; sourceTree = "<group>"; };
		07EED74C1BFE26A0004ACD9A /* ViewController.m */ = {isa = PBXFileReference; lastKnownFileType = sourcecode.c.objc; path = ViewController.m; sourceTree = "<group>"; };
		07EED74F1BFE26A0004ACD9A /* Base */ = {isa = PBXFileReference; lastKnownFileType = file.storyboard; name = Base; path = Base.lproj/Main.storyboard; sourceTree = "<group>"; };
		07EED7511BFE26A0004ACD9A /* Images.xcassets */ = {isa = PBXFileReference; lastKnownFileType = folder.assetcatalog; path = Images.xcassets; sourceTree = "<group>"; };
		07EED7541BFE26A0004ACD9A /* Base */ = {isa = PBXFileReference; lastKnownFileType = file.xib; name = Base; path = Base.lproj/LaunchScreen.xib; sourceTree = "<group>"; };
		07EED75A1BFE26A0004ACD9A /* iphone_1Tests.xctest */ = {isa = PBXFileReference; explicitFileType = wrapper.cfbundle; includeInIndex = 0; path = iphone_1Tests.xctest; sourceTree = BUILT_PRODUCTS_DIR; };
		07EED75F1BFE26A1004ACD9A /* Info.plist */ = {isa = PBXFileReference; lastKnownFileType = text.plist.xml; path = Info.plist; sourceTree = "<group>"; };
		07EED7601BFE26A1004ACD9A /* iphone_1Tests.m */ = {isa = PBXFileReference; lastKnownFileType = sourcecode.c.objc; path = iphone_1Tests.m; sourceTree = "<group>"; };
/* End PBXFileReference section */

/* Begin PBXFrameworksBuildPhase section */
		07EED73E1BFE26A0004ACD9A /* Frameworks */ = {
			isa = PBXFrameworksBuildPhase;
			buildActionMask = 2147483647;
			files = (
			);
			runOnlyForDeploymentPostprocessing = 0;
		};
		07EED7571BFE26A0004ACD9A /* Frameworks */ = {
			isa = PBXFrameworksBuildPhase;
			buildActionMask = 2147483647;
			files = (
			);
			runOnlyForDeploymentPostprocessing = 0;
		};
/* End PBXFrameworksBuildPhase section */

/* Begin PBXGroup section */
		07EED7381BFE26A0004ACD9A = {
			isa = PBXGroup;
			children = (
				07EED7431BFE26A0004ACD9A /* iphone_1 */,
				07EED75D1BFE26A1004ACD9A /* iphone_1Tests */,
				07EED7421BFE26A0004ACD9A /* Products */,
			);
			sourceTree = "<group>";
		};
		07EED7421BFE26A0004ACD9A /* Products */ = {
			isa = PBXGroup;
			children = (
				07EED7411BFE26A0004ACD9A /* iphone_1.app */,
				07EED75A1BFE26A0004ACD9A /* iphone_1Tests.xctest */,
			);
			name = Products;
			sourceTree = "<group>";
		};
		07EED7431BFE26A0004ACD9A /* iphone_1 */ = {
			isa = PBXGroup;
			children = (
				07EED7481BFE26A0004ACD9A /* AppDelegate.h */,
				07EED7491BFE26A0004ACD9A /* AppDelegate.m */,
				07EED74B1BFE26A0004ACD9A /* ViewController.h */,
				07EED74C1BFE26A0004ACD9A /* ViewController.m */,
				07EED74E1BFE26A0004ACD9A /* Main.storyboard */,
				07EED7511BFE26A0004ACD9A /* Images.xcassets */,
				07EED7531BFE26A0004ACD9A /* LaunchScreen.xib */,
				07EED7441BFE26A0004ACD9A /* Supporting Files */,
			);
			path = iphone_1;
			sourceTree = "<group>";
		};
		07EED7441BFE26A0004ACD9A /* Supporting Files */ = {
			isa = PBXGroup;
			children = (
				07EED7451BFE26A0004ACD9A /* Info.plist */,
				07EED7461BFE26A0004ACD9A /* main.m */,
			);
			name = "Supporting Files";
			sourceTree = "<group>";
		};
		07EED75D1BFE26A1004ACD9A /* iphone_1Tests */ = {
			isa = PBXGroup;
			children = (
				07EED7601BFE26A1004ACD9A /* iphone_1Tests.m */,
				07EED75E1BFE26A1004ACD9A /* Supporting Files */,
			);
			path = iphone_1Tests;
			sourceTree = "<group>";
		};
		07EED75E1BFE26A1004ACD9A /* Supporting Files */ = {
			isa = PBXGroup;
			children = (
				07EED75F1BFE26A1004ACD9A /* Info.plist */,
			);
			name = "Supporting Files";
			sourceTree = "<group>";
		};
/* End PBXGroup section */

/* Begin PBXNativeTarget section */
		07EED7401BFE26A0004ACD9A /* iphone_1 */ = {
			isa = PBXNativeTarget;
			buildConfigurationList = 07EED7641BFE26A1004ACD9A /* Build configuration list for PBXNativeTarget "iphone_1" */;
			buildPhases = (
				07EED73D1BFE26A0004ACD9A /* Sources */,
				07EED73E1BFE26A0004ACD9A /* Frameworks */,
				07EED73F1BFE26A0004ACD9A /* Resources */,
			);
			buildRules = (
			);
			dependencies = (
			);
			name = iphone_1;
			productName = iphone_1;
			productReference = 07EED7411BFE26A0004ACD9A /* iphone_1.app */;
			productType = "com.apple.product-type.application";
		};
		07EED7591BFE26A0004ACD9A /* iphone_1Tests */ = {
			isa = PBXNativeTarget;
			buildConfigurationList = 07EED7671BFE26A1004ACD9A /* Build configuration list for PBXNativeTarget "iphone_1Tests" */;
			buildPhases = (
				07EED7561BFE26A0004ACD9A /* Sources */,
				07EED7571BFE26A0004ACD9A /* Frameworks */,
				07EED7581BFE26A0004ACD9A /* Resources */,
			);
			buildRules = (
			);
			dependencies = (
				07EED75C1BFE26A0004ACD9A /* PBXTargetDependency */,
			);
			name = iphone_1Tests;
			productName = iphone_1Tests;
			productReference = 07EED75A1BFE26A0004ACD9A /* iphone_1Tests.xctest */;
			productType = "com.apple.product-type.bundle.unit-test";
		};
/* End PBXNativeTarget section */

/* Begin PBXProject section */
		07EED7391BFE26A0004ACD9A /* Project object */ = {
			isa = PBXProject;
			attributes = {
				LastUpgradeCheck = 0610;
				ORGANIZATIONNAME = Eric;
				TargetAttributes = {
					07EED7401BFE26A0004ACD9A = {
						CreatedOnToolsVersion = 6.1;
					};
					07EED7591BFE26A0004ACD9A = {
						CreatedOnToolsVersion = 6.1;
						TestTargetID = 07EED7401BFE26A0004ACD9A;
					};
				};
			};
			buildConfigurationList = 07EED73C1BFE26A0004ACD9A /* Build configuration list for PBXProject "iphone_1" */;
			compatibilityVersion = "Xcode 3.2";
			developmentRegion = English;
			hasScannedForEncodings = 0;
			knownRegions = (
				en,
				Base,
			);
			mainGroup = 07EED7381BFE26A0004ACD9A;
			productRefGroup = 07EED7421BFE26A0004ACD9A /* Products */;
			projectDirPath = "";
			projectRoot = "";
			targets = (
				07EED7401BFE26A0004ACD9A /* iphone_1 */,
				07EED7591BFE26A0004ACD9A /* iphone_1Tests */,
			);
		};
/* End PBXProject section */

/* Begin PBXResourcesBuildPhase section */
		07EED73F1BFE26A0004ACD9A /* Resources */ = {
			isa = PBXResourcesBuildPhase;
			buildActionMask = 2147483647;
			files = (
				07EED7501BFE26A0004ACD9A /* Main.storyboard in Resources */,
				07EED7551BFE26A0004ACD9A /* LaunchScreen.xib in Resources */,
				07EED7521BFE26A0004ACD9A /* Images.xcassets in Resources */,
			);
			runOnlyForDeploymentPostprocessing = 0;
		};
		07EED7581BFE26A0004ACD9A /* Resources */ = {
			isa = PBXResourcesBuildPhase;
			buildActionMask = 2147483647;
			files = (
			);
			runOnlyForDeploymentPostprocessing = 0;
		};
/* End PBXResourcesBuildPhase section */

/* Begin PBXSourcesBuildPhase section */
		07EED73D1BFE26A0004ACD9A /* Sources */ = {
			isa = PBXSourcesBuildPhase;
			buildActionMask = 2147483647;
			files = (
				07EED74D1BFE26A0004ACD9A /* ViewController.m in Sources */,
				07EED74A1BFE26A0004ACD9A /* AppDelegate.m in Sources */,
				07EED7471BFE26A0004ACD9A /* main.m in Sources */,
			);
			runOnlyForDeploymentPostprocessing = 0;
		};
		07EED7561BFE26A0004ACD9A /* Sources */ = {
			isa = PBXSourcesBuildPhase;
			buildActionMask = 2147483647;
			files = (
				07EED7611BFE26A1004ACD9A /* iphone_1Tests.m in Sources */,
			);
			runOnlyForDeploymentPostprocessing = 0;
		};
/* End PBXSourcesBuildPhase section */

/* Begin PBXTargetDependency section */
		07EED75C1BFE26A0004ACD9A /* PBXTargetDependency */ = {
			isa = PBXTargetDependency;
			target = 07EED7401BFE26A0004ACD9A /* iphone_1 */;
			targetProxy = 07EED75B1BFE26A0004ACD9A /* PBXContainerItemProxy */;
		};
/* End PBXTargetDependency section */

/* Begin PBXVariantGroup section */
		07EED74E1BFE26A0004ACD9A /* Main.storyboard */ = {
			isa = PBXVariantGroup;
			children = (
				07EED74F1BFE26A0004ACD9A /* Base */,
			);
			name = Main.storyboard;
			sourceTree = "<group>";
		};
		07EED7531BFE26A0004ACD9A /* LaunchScreen.xib */ = {
			isa = PBXVariantGroup;
			children = (
				07EED7541BFE26A0004ACD9A /* Base */,
			);
			name = LaunchScreen.xib;
			sourceTree = "<group>";
		};
/* End PBXVariantGroup section */

/* Begin XCBuildConfiguration section */
		07EED7621BFE26A1004ACD9A /* Debug */ = {
			isa = XCBuildConfiguration;
			buildSettings = {
				ALWAYS_SEARCH_USER_PATHS = NO;
				CLANG_CXX_LANGUAGE_STANDARD = "gnu++0x";
				CLANG_CXX_LIBRARY = "libc++";
				CLANG_ENABLE_MODULES = YES;
				CLANG_ENABLE_OBJC_ARC = YES;
				CLANG_WARN_BOOL_CONVERSION = YES;
				CLANG_WARN_CONSTANT_CONVERSION = YES;
				CLANG_WARN_DIRECT_OBJC_ISA_USAGE = YES_ERROR;
				CLANG_WARN_EMPTY_BODY = YES;
				CLANG_WARN_ENUM_CONVERSION = YES;
				CLANG_WARN_INT_CONVERSION = YES;
				CLANG_WARN_OBJC_ROOT_CLASS = YES_ERROR;
				CLANG_WARN_UNREACHABLE_CODE = YES;
				CLANG_WARN__DUPLICATE_METHOD_MATCH = YES;
				"CODE_SIGN_IDENTITY[sdk=iphoneos*]" = "iPhone Developer";
				COPY_PHASE_STRIP = NO;
				ENABLE_STRICT_OBJC_MSGSEND = YES;
				GCC_C_LANGUAGE_STANDARD = gnu99;
				GCC_DYNAMIC_NO_PIC = NO;
				GCC_OPTIMIZATION_LEVEL = 0;
				GCC_PREPROCESSOR_DEFINITIONS = (
					"DEBUG=1",
					"$(inherited)",
				);
				GCC_SYMBOLS_PRIVATE_EXTERN = NO;
				GCC_WARN_64_TO_32_BIT_CONVERSION = YES;
				GCC_WARN_ABOUT_RETURN_TYPE = YES_ERROR;
				GCC_WARN_UNDECLARED_SELECTOR = YES;
				GCC_WARN_UNINITIALIZED_AUTOS = YES_AGGRESSIVE;
				GCC_WARN_UNUSED_FUNCTION = YES;
				GCC_WARN_UNUSED_VARIABLE = YES;
				IPHONEOS_DEPLOYMENT_TARGET = 8.1;
				MTL_ENABLE_DEBUG_INFO = YES;
				ONLY_ACTIVE_ARCH = YES;
				SDKROOT = iphoneos;
			};
			name = Debug;
		};
		07EED7631BFE26A1004ACD9A /* Release */ = {
			isa = XCBuildConfiguration;
			buildSettings = {
				ALWAYS_SEARCH_USER_PATHS = NO;
				CLANG_CXX_LANGUAGE_STANDARD = "gnu++0x";
				CLANG_CXX_LIBRARY = "libc++";
				CLANG_ENABLE_MODULES = YES;
				CLANG_ENABLE_OBJC_ARC = YES;
				CLANG_WARN_BOOL_CONVERSION = YES;
				CLANG_WARN_CONSTANT_CONVERSION = YES;
				CLANG_WARN_DIRECT_OBJC_ISA_USAGE = YES_ERROR;
				CLANG_WARN_EMPTY_BODY = YES;
				CLANG_WARN_ENUM_CONVERSION = YES;
				CLANG_WARN_INT_CONVERSION = YES;
				CLANG_WARN_OBJC_ROOT_CLASS = YES_ERROR;
				CLANG_WARN_UNREACHABLE_CODE = YES;
				CLANG_WARN__DUPLICATE_METHOD_MATCH = YES;
				"CODE_SIGN_IDENTITY[sdk=iphoneos*]" = "iPhone Developer";
				COPY_PHASE_STRIP = YES;
				ENABLE_NS_ASSERTIONS = NO;
				ENABLE_STRICT_OBJC_MSGSEND = YES;
				GCC_C_LANGUAGE_STANDARD = gnu99;
				GCC_WARN_64_TO_32_BIT_CONVERSION = YES;
				GCC_WARN_ABOUT_RETURN_TYPE = YES_ERROR;
				GCC_WARN_UNDECLARED_SELECTOR = YES;
				GCC_WARN_UNINITIALIZED_AUTOS = YES_AGGRESSIVE;
				GCC_WARN_UNUSED_FUNCTION = YES;
				GCC_WARN_UNUSED_VARIABLE = YES;
				IPHONEOS_DEPLOYMENT_TARGET = 8.1;
				MTL_ENABLE_DEBUG_INFO = NO;
				SDKROOT = iphoneos;
				VALIDATE_PRODUCT = YES;
			};
			name = Release;
		};
		07EED7651BFE26A1004ACD9A /* Debug */ = {
			isa = XCBuildConfiguration;
			buildSettings = {
				ASSETCATALOG_COMPILER_APPICON_NAME = AppIcon;
				INFOPLIST_FILE = iphone_1/Info.plist;
				LD_RUNPATH_SEARCH_PATHS = "$(inherited) @executable_path/Frameworks";
				PRODUCT_NAME = "$(TARGET_NAME)";
			};
			name = Debug;
		};
		07EED7661BFE26A1004ACD9A /* Release */ = {
			isa = XCBuildConfiguration;
			buildSettings = {
				ASSETCATALOG_COMPILER_APPICON_NAME = AppIcon;
				INFOPLIST_FILE = iphone_1/Info.plist;
				LD_RUNPATH_SEARCH_PATHS = "$(inherited) @executable_path/Frameworks";
				PRODUCT_NAME = "$(TARGET_NAME)";
			};
			name = Release;
		};
		07EED7681BFE26A1004ACD9A /* Debug */ = {
			isa = XCBuildConfiguration;
			buildSettings = {
				BUNDLE_LOADER = "$(TEST_HOST)";
				FRAMEWORK_SEARCH_PATHS = (
					"$(SDKROOT)/Developer/Library/Frameworks",
					"$(inherited)",
				);
				GCC_PREPROCESSOR_DEFINITIONS = (
					"DEBUG=1",
					"$(inherited)",
				);
				INFOPLIST_FILE = iphone_1Tests/Info.plist;
				LD_RUNPATH_SEARCH_PATHS = "$(inherited) @executable_path/Frameworks @loader_path/Frameworks";
				PRODUCT_NAME = "$(TARGET_NAME)";
				TEST_HOST = "$(BUILT_PRODUCTS_DIR)/iphone_1.app/iphone_1";
			};
			name = Debug;
		};
		07EED7691BFE26A1004ACD9A /* Release */ = {
			isa = XCBuildConfiguration;
			buildSettings = {
				BUNDLE_LOADER = "$(TEST_HOST)";
				FRAMEWORK_SEARCH_PATHS = (
					"$(SDKROOT)/Developer/Library/Frameworks",
					"$(inherited)",
				);
				INFOPLIST_FILE = iphone_1Tests/Info.plist;
				LD_RUNPATH_SEARCH_PATHS = "$(inherited) @executable_path/Frameworks @loader_path/Frameworks";
				PRODUCT_NAME = "$(TARGET_NAME)";
				TEST_HOST = "$(BUILT_PRODUCTS_DIR)/iphone_1.app/iphone_1";
			};
			name = Release;
		};
/* End XCBuildConfiguration section */

/* Begin XCConfigurationList section */
		07EED73C1BFE26A0004ACD9A /* Build configuration list for PBXProject "iphone_1" */ = {
			isa = XCConfigurationList;
			buildConfigurations = (
				07EED7621BFE26A1004ACD9A /* Debug */,
				07EED7631BFE26A1004ACD9A /* Release */,
			);
			defaultConfigurationIsVisible = 0;
			defaultConfigurationName = Release;
		};
		07EED7641BFE26A1004ACD9A /* Build configuration list for PBXNativeTarget "iphone_1" */ = {
			isa = XCConfigurationList;
			buildConfigurations = (
				07EED7651BFE26A1004ACD9A /* Debug */,
				07EED7661BFE26A1004ACD9A /* Release */,
			);
			defaultConfigurationIsVisible = 0;
		};
		07EED7671BFE26A1004ACD9A /* Build configuration list for PBXNativeTarget "iphone_1Tests" */ = {
			isa = XCConfigurationList;
			buildConfigurations = (
				07EED7681BFE26A1004ACD9A /* Debug */,
				07EED7691BFE26A1004ACD9A /* Release */,
			);
			defaultConfigurationIsVisible = 0;
		};
/* End XCConfigurationList section */
	};
	rootObject = 07EED7391BFE26A0004ACD9A /* Project object */;
}
