// !$*UTF8*$!
{
	archiveVersion = 1;
	classes = {
	};
	objectVersion = 46;
	objects = {

/* Begin PBXBuildFile section */
		07E609521C4090650066F9C9 /* main.m in Sources */ = {isa = PBXBuildFile; fileRef = 07E609511C4090650066F9C9 /* main.m */; };
		07E609551C4090650066F9C9 /* AppDelegate.m in Sources */ = {isa = PBXBuildFile; fileRef = 07E609541C4090650066F9C9 /* AppDelegate.m */; };
		07E609581C4090650066F9C9 /* ViewController.m in Sources */ = {isa = PBXBuildFile; fileRef = 07E609571C4090650066F9C9 /* ViewController.m */; };
		07E6095B1C4090650066F9C9 /* Main.storyboard in Resources */ = {isa = PBXBuildFile; fileRef = 07E609591C4090650066F9C9 /* Main.storyboard */; };
		07E6095D1C4090650066F9C9 /* Assets.xcassets in Resources */ = {isa = PBXBuildFile; fileRef = 07E6095C1C4090650066F9C9 /* Assets.xcassets */; };
		07E609601C4090650066F9C9 /* LaunchScreen.storyboard in Resources */ = {isa = PBXBuildFile; fileRef = 07E6095E1C4090650066F9C9 /* LaunchScreen.storyboard */; };
		07E609691C4090E10066F9C9 /* ImageViewController.m in Sources */ = {isa = PBXBuildFile; fileRef = 07E609681C4090E10066F9C9 /* ImageViewController.m */; };
/* End PBXBuildFile section */

/* Begin PBXFileReference section */
		07E6094D1C4090650066F9C9 /* Imaginarium.app */ = {isa = PBXFileReference; explicitFileType = wrapper.application; includeInIndex = 0; path = Imaginarium.app; sourceTree = BUILT_PRODUCTS_DIR; };
		07E609511C4090650066F9C9 /* main.m */ = {isa = PBXFileReference; lastKnownFileType = sourcecode.c.objc; path = main.m; sourceTree = "<group>"; };
		07E609531C4090650066F9C9 /* AppDelegate.h */ = {isa = PBXFileReference; lastKnownFileType = sourcecode.c.h; path = AppDelegate.h; sourceTree = "<group>"; };
		07E609541C4090650066F9C9 /* AppDelegate.m */ = {isa = PBXFileReference; lastKnownFileType = sourcecode.c.objc; path = AppDelegate.m; sourceTree = "<group>"; };
		07E609561C4090650066F9C9 /* ViewController.h */ = {isa = PBXFileReference; lastKnownFileType = sourcecode.c.h; path = ViewController.h; sourceTree = "<group>"; };
		07E609571C4090650066F9C9 /* ViewController.m */ = {isa = PBXFileReference; lastKnownFileType = sourcecode.c.objc; path = ViewController.m; sourceTree = "<group>"; };
		07E6095A1C4090650066F9C9 /* Base */ = {isa = PBXFileReference; lastKnownFileType = file.storyboard; name = Base; path = Base.lproj/Main.storyboard; sourceTree = "<group>"; };
		07E6095C1C4090650066F9C9 /* Assets.xcassets */ = {isa = PBXFileReference; lastKnownFileType = folder.assetcatalog; path = Assets.xcassets; sourceTree = "<group>"; };
		07E6095F1C4090650066F9C9 /* Base */ = {isa = PBXFileReference; lastKnownFileType = file.storyboard; name = Base; path = Base.lproj/LaunchScreen.storyboard; sourceTree = "<group>"; };
		07E609611C4090650066F9C9 /* Info.plist */ = {isa = PBXFileReference; lastKnownFileType = text.plist.xml; path = Info.plist; sourceTree = "<group>"; };
		07E609671C4090E10066F9C9 /* ImageViewController.h */ = {isa = PBXFileReference; fileEncoding = 4; lastKnownFileType = sourcecode.c.h; name = ImageViewController.h; path = ../ImageViewController.h; sourceTree = "<group>"; };
		07E609681C4090E10066F9C9 /* ImageViewController.m */ = {isa = PBXFileReference; fileEncoding = 4; lastKnownFileType = sourcecode.c.objc; name = ImageViewController.m; path = ../ImageViewController.m; sourceTree = "<group>"; };
/* End PBXFileReference section */

/* Begin PBXFrameworksBuildPhase section */
		07E6094A1C4090650066F9C9 /* Frameworks */ = {
			isa = PBXFrameworksBuildPhase;
			buildActionMask = 2147483647;
			files = (
			);
			runOnlyForDeploymentPostprocessing = 0;
		};
/* End PBXFrameworksBuildPhase section */

/* Begin PBXGroup section */
		07E609441C4090650066F9C9 = {
			isa = PBXGroup;
			children = (
				07E6094F1C4090650066F9C9 /* Imaginarium */,
				07E6094E1C4090650066F9C9 /* Products */,
			);
			sourceTree = "<group>";
		};
		07E6094E1C4090650066F9C9 /* Products */ = {
			isa = PBXGroup;
			children = (
				07E6094D1C4090650066F9C9 /* Imaginarium.app */,
			);
			name = Products;
			sourceTree = "<group>";
		};
		07E6094F1C4090650066F9C9 /* Imaginarium */ = {
			isa = PBXGroup;
			children = (
				07E609671C4090E10066F9C9 /* ImageViewController.h */,
				07E609681C4090E10066F9C9 /* ImageViewController.m */,
				07E609561C4090650066F9C9 /* ViewController.h */,
				07E609571C4090650066F9C9 /* ViewController.m */,
				07E609591C4090650066F9C9 /* Main.storyboard */,
				07E6095C1C4090650066F9C9 /* Assets.xcassets */,
				07E6095E1C4090650066F9C9 /* LaunchScreen.storyboard */,
				07E609611C4090650066F9C9 /* Info.plist */,
				07E609501C4090650066F9C9 /* Supporting Files */,
			);
			path = Imaginarium;
			sourceTree = "<group>";
		};
		07E609501C4090650066F9C9 /* Supporting Files */ = {
			isa = PBXGroup;
			children = (
				07E609531C4090650066F9C9 /* AppDelegate.h */,
				07E609541C4090650066F9C9 /* AppDelegate.m */,
				07E609511C4090650066F9C9 /* main.m */,
			);
			name = "Supporting Files";
			sourceTree = "<group>";
		};
/* End PBXGroup section */

/* Begin PBXNativeTarget section */
		07E6094C1C4090650066F9C9 /* Imaginarium */ = {
			isa = PBXNativeTarget;
			buildConfigurationList = 07E609641C4090650066F9C9 /* Build configuration list for PBXNativeTarget "Imaginarium" */;
			buildPhases = (
				07E609491C4090650066F9C9 /* Sources */,
				07E6094A1C4090650066F9C9 /* Frameworks */,
				07E6094B1C4090650066F9C9 /* Resources */,
			);
			buildRules = (
			);
			dependencies = (
			);
			name = Imaginarium;
			productName = Imaginarium;
			productReference = 07E6094D1C4090650066F9C9 /* Imaginarium.app */;
			productType = "com.apple.product-type.application";
		};
/* End PBXNativeTarget section */

/* Begin PBXProject section */
		07E609451C4090650066F9C9 /* Project object */ = {
			isa = PBXProject;
			attributes = {
				LastUpgradeCheck = 0710;
				ORGANIZATIONNAME = Eric;
				TargetAttributes = {
					07E6094C1C4090650066F9C9 = {
						CreatedOnToolsVersion = 7.1.1;
					};
				};
			};
			buildConfigurationList = 07E609481C4090650066F9C9 /* Build configuration list for PBXProject "Imaginarium" */;
			compatibilityVersion = "Xcode 3.2";
			developmentRegion = English;
			hasScannedForEncodings = 0;
			knownRegions = (
				en,
				Base,
			);
			mainGroup = 07E609441C4090650066F9C9;
			productRefGroup = 07E6094E1C4090650066F9C9 /* Products */;
			projectDirPath = "";
			projectRoot = "";
			targets = (
				07E6094C1C4090650066F9C9 /* Imaginarium */,
			);
		};
/* End PBXProject section */

/* Begin PBXResourcesBuildPhase section */
		07E6094B1C4090650066F9C9 /* Resources */ = {
			isa = PBXResourcesBuildPhase;
			buildActionMask = 2147483647;
			files = (
				07E609601C4090650066F9C9 /* LaunchScreen.storyboard in Resources */,
				07E6095D1C4090650066F9C9 /* Assets.xcassets in Resources */,
				07E6095B1C4090650066F9C9 /* Main.storyboard in Resources */,
			);
			runOnlyForDeploymentPostprocessing = 0;
		};
/* End PBXResourcesBuildPhase section */

/* Begin PBXSourcesBuildPhase section */
		07E609491C4090650066F9C9 /* Sources */ = {
			isa = PBXSourcesBuildPhase;
			buildActionMask = 2147483647;
			files = (
				07E609581C4090650066F9C9 /* ViewController.m in Sources */,
				07E609551C4090650066F9C9 /* AppDelegate.m in Sources */,
				07E609691C4090E10066F9C9 /* ImageViewController.m in Sources */,
				07E609521C4090650066F9C9 /* main.m in Sources */,
			);
			runOnlyForDeploymentPostprocessing = 0;
		};
/* End PBXSourcesBuildPhase section */

/* Begin PBXVariantGroup section */
		07E609591C4090650066F9C9 /* Main.storyboard */ = {
			isa = PBXVariantGroup;
			children = (
				07E6095A1C4090650066F9C9 /* Base */,
			);
			name = Main.storyboard;
			sourceTree = "<group>";
		};
		07E6095E1C4090650066F9C9 /* LaunchScreen.storyboard */ = {
			isa = PBXVariantGroup;
			children = (
				07E6095F1C4090650066F9C9 /* Base */,
			);
			name = LaunchScreen.storyboard;
			sourceTree = "<group>";
		};
/* End PBXVariantGroup section */

/* Begin XCBuildConfiguration section */
		07E609621C4090650066F9C9 /* Debug */ = {
			isa = XCBuildConfiguration;
			buildSettings = {
				ALWAYS_SEARCH_USER_PATHS = NO;
				CLANG_CXX_LANGUAGE_STANDARD = "gnu++0x";
				CLANG_CXX_LIBRARY = "libc++";
				CLANG_ENABLE_MODULES = YES;
				CLANG_ENABLE_OBJC_ARC = YES;
				CLANG_WARN_BOOL_CONVERSION = YES;
				CLANG_WARN_CONSTANT_CONVERSION = YES;
				CLANG_WARN_DIRECT_OBJC_ISA_USAGE = YES_ERROR;
				CLANG_WARN_EMPTY_BODY = YES;
				CLANG_WARN_ENUM_CONVERSION = YES;
				CLANG_WARN_INT_CONVERSION = YES;
				CLANG_WARN_OBJC_ROOT_CLASS = YES_ERROR;
				CLANG_WARN_UNREACHABLE_CODE = YES;
				CLANG_WARN__DUPLICATE_METHOD_MATCH = YES;
				"CODE_SIGN_IDENTITY[sdk=iphoneos*]" = "iPhone Developer";
				COPY_PHASE_STRIP = NO;
				DEBUG_INFORMATION_FORMAT = dwarf;
				ENABLE_STRICT_OBJC_MSGSEND = YES;
				ENABLE_TESTABILITY = YES;
				GCC_C_LANGUAGE_STANDARD = gnu99;
				GCC_DYNAMIC_NO_PIC = NO;
				GCC_NO_COMMON_BLOCKS = YES;
				GCC_OPTIMIZATION_LEVEL = 0;
				GCC_PREPROCESSOR_DEFINITIONS = (
					"DEBUG=1",
					"$(inherited)",
				);
				GCC_WARN_64_TO_32_BIT_CONVERSION = YES;
				GCC_WARN_ABOUT_RETURN_TYPE = YES_ERROR;
				GCC_WARN_UNDECLARED_SELECTOR = YES;
				GCC_WARN_UNINITIALIZED_AUTOS = YES_AGGRESSIVE;
				GCC_WARN_UNUSED_FUNCTION = YES;
				GCC_WARN_UNUSED_VARIABLE = YES;
				IPHONEOS_DEPLOYMENT_TARGET = 9.1;
				MTL_ENABLE_DEBUG_INFO = YES;
				ONLY_ACTIVE_ARCH = YES;
				SDKROOT = iphoneos;
			};
			name = Debug;
		};
		07E609631C4090650066F9C9 /* Release */ = {
			isa = XCBuildConfiguration;
			buildSettings = {
				ALWAYS_SEARCH_USER_PATHS = NO;
				CLANG_CXX_LANGUAGE_STANDARD = "gnu++0x";
				CLANG_CXX_LIBRARY = "libc++";
				CLANG_ENABLE_MODULES = YES;
				CLANG_ENABLE_OBJC_ARC = YES;
				CLANG_WARN_BOOL_CONVERSION = YES;
				CLANG_WARN_CONSTANT_CONVERSION = YES;
				CLANG_WARN_DIRECT_OBJC_ISA_USAGE = YES_ERROR;
				CLANG_WARN_EMPTY_BODY = YES;
				CLANG_WARN_ENUM_CONVERSION = YES;
				CLANG_WARN_INT_CONVERSION = YES;
				CLANG_WARN_OBJC_ROOT_CLASS = YES_ERROR;
				CLANG_WARN_UNREACHABLE_CODE = YES;
				CLANG_WARN__DUPLICATE_METHOD_MATCH = YES;
				"CODE_SIGN_IDENTITY[sdk=iphoneos*]" = "iPhone Developer";
				COPY_PHASE_STRIP = NO;
				DEBUG_INFORMATION_FORMAT = "dwarf-with-dsym";
				ENABLE_NS_ASSERTIONS = NO;
				ENABLE_STRICT_OBJC_MSGSEND = YES;
				GCC_C_LANGUAGE_STANDARD = gnu99;
				GCC_NO_COMMON_BLOCKS = YES;
				GCC_WARN_64_TO_32_BIT_CONVERSION = YES;
				GCC_WARN_ABOUT_RETURN_TYPE = YES_ERROR;
				GCC_WARN_UNDECLARED_SELECTOR = YES;
				GCC_WARN_UNINITIALIZED_AUTOS = YES_AGGRESSIVE;
				GCC_WARN_UNUSED_FUNCTION = YES;
				GCC_WARN_UNUSED_VARIABLE = YES;
				IPHONEOS_DEPLOYMENT_TARGET = 9.1;
				MTL_ENABLE_DEBUG_INFO = NO;
				SDKROOT = iphoneos;
				VALIDATE_PRODUCT = YES;
			};
			name = Release;
		};
		07E609651C4090650066F9C9 /* Debug */ = {
			isa = XCBuildConfiguration;
			buildSettings = {
				ASSETCATALOG_COMPILER_APPICON_NAME = AppIcon;
				INFOPLIST_FILE = Imaginarium/Info.plist;
				LD_RUNPATH_SEARCH_PATHS = "$(inherited) @executable_path/Frameworks";
				PRODUCT_BUNDLE_IDENTIFIER = osu.Imaginarium;
				PRODUCT_NAME = "$(TARGET_NAME)";
			};
			name = Debug;
		};
		07E609661C4090650066F9C9 /* Release */ = {
			isa = XCBuildConfiguration;
			buildSettings = {
				ASSETCATALOG_COMPILER_APPICON_NAME = AppIcon;
				INFOPLIST_FILE = Imaginarium/Info.plist;
				LD_RUNPATH_SEARCH_PATHS = "$(inherited) @executable_path/Frameworks";
				PRODUCT_BUNDLE_IDENTIFIER = osu.Imaginarium;
				PRODUCT_NAME = "$(TARGET_NAME)";
			};
			name = Release;
		};
/* End XCBuildConfiguration section */

/* Begin XCConfigurationList section */
		07E609481C4090650066F9C9 /* Build configuration list for PBXProject "Imaginarium" */ = {
			isa = XCConfigurationList;
			buildConfigurations = (
				07E609621C4090650066F9C9 /* Debug */,
				07E609631C4090650066F9C9 /* Release */,
			);
			defaultConfigurationIsVisible = 0;
			defaultConfigurationName = Release;
		};
		07E609641C4090650066F9C9 /* Build configuration list for PBXNativeTarget "Imaginarium" */ = {
			isa = XCConfigurationList;
			buildConfigurations = (
				07E609651C4090650066F9C9 /* Debug */,
				07E609661C4090650066F9C9 /* Release */,
			);
			defaultConfigurationIsVisible = 0;
		};
/* End XCConfigurationList section */
	};
	rootObject = 07E609451C4090650066F9C9 /* Project object */;
}
