// !$*UTF8*$!
{
	archiveVersion = 1;
	classes = {
	};
	objectVersion = 46;
	objects = {

/* Begin PBXBuildFile section */
		072EC1981C377E340000506D /* main.m in Sources */ = {isa = PBXBuildFile; fileRef = 072EC1971C377E340000506D /* main.m */; };
		072EC19B1C377E340000506D /* AppDelegate.m in Sources */ = {isa = PBXBuildFile; fileRef = 072EC19A1C377E340000506D /* AppDelegate.m */; };
		072EC19E1C377E340000506D /* ViewController.m in Sources */ = {isa = PBXBuildFile; fileRef = 072EC19D1C377E340000506D /* ViewController.m */; };
		072EC1A11C377E340000506D /* Main.storyboard in Resources */ = {isa = PBXBuildFile; fileRef = 072EC19F1C377E340000506D /* Main.storyboard */; };
		072EC1A41C377E340000506D /* coredata_ios_essential.xcdatamodeld in Sources */ = {isa = PBXBuildFile; fileRef = 072EC1A21C377E340000506D /* coredata_ios_essential.xcdatamodeld */; };
		072EC1A61C377E350000506D /* Assets.xcassets in Resources */ = {isa = PBXBuildFile; fileRef = 072EC1A51C377E350000506D /* Assets.xcassets */; };
		072EC1A91C377E350000506D /* LaunchScreen.storyboard in Resources */ = {isa = PBXBuildFile; fileRef = 072EC1A71C377E350000506D /* LaunchScreen.storyboard */; };
		072EC1B41C377E350000506D /* coredata_ios_essentialTests.m in Sources */ = {isa = PBXBuildFile; fileRef = 072EC1B31C377E350000506D /* coredata_ios_essentialTests.m */; };
		072EC1BF1C377E350000506D /* coredata_ios_essentialUITests.m in Sources */ = {isa = PBXBuildFile; fileRef = 072EC1BE1C377E350000506D /* coredata_ios_essentialUITests.m */; };
/* End PBXBuildFile section */

/* Begin PBXContainerItemProxy section */
		072EC1B01C377E350000506D /* PBXContainerItemProxy */ = {
			isa = PBXContainerItemProxy;
			containerPortal = 072EC18B1C377E340000506D /* Project object */;
			proxyType = 1;
			remoteGlobalIDString = 072EC1921C377E340000506D;
			remoteInfo = coredata_ios_essential;
		};
		072EC1BB1C377E350000506D /* PBXContainerItemProxy */ = {
			isa = PBXContainerItemProxy;
			containerPortal = 072EC18B1C377E340000506D /* Project object */;
			proxyType = 1;
			remoteGlobalIDString = 072EC1921C377E340000506D;
			remoteInfo = coredata_ios_essential;
		};
/* End PBXContainerItemProxy section */

/* Begin PBXFileReference section */
		072EC1931C377E340000506D /* coredata_ios_essential.app */ = {isa = PBXFileReference; explicitFileType = wrapper.application; includeInIndex = 0; path = coredata_ios_essential.app; sourceTree = BUILT_PRODUCTS_DIR; };
		072EC1971C377E340000506D /* main.m */ = {isa = PBXFileReference; lastKnownFileType = sourcecode.c.objc; path = main.m; sourceTree = "<group>"; };
		072EC1991C377E340000506D /* AppDelegate.h */ = {isa = PBXFileReference; lastKnownFileType = sourcecode.c.h; path = AppDelegate.h; sourceTree = "<group>"; };
		072EC19A1C377E340000506D /* AppDelegate.m */ = {isa = PBXFileReference; lastKnownFileType = sourcecode.c.objc; path = AppDelegate.m; sourceTree = "<group>"; };
		072EC19C1C377E340000506D /* ViewController.h */ = {isa = PBXFileReference; lastKnownFileType = sourcecode.c.h; path = ViewController.h; sourceTree = "<group>"; };
		072EC19D1C377E340000506D /* ViewController.m */ = {isa = PBXFileReference; lastKnownFileType = sourcecode.c.objc; path = ViewController.m; sourceTree = "<group>"; };
		072EC1A01C377E340000506D /* Base */ = {isa = PBXFileReference; lastKnownFileType = file.storyboard; name = Base; path = Base.lproj/Main.storyboard; sourceTree = "<group>"; };
		072EC1A31C377E340000506D /* coredata_ios_essential.xcdatamodel */ = {isa = PBXFileReference; lastKnownFileType = wrapper.xcdatamodel; path = coredata_ios_essential.xcdatamodel; sourceTree = "<group>"; };
		072EC1A51C377E350000506D /* Assets.xcassets */ = {isa = PBXFileReference; lastKnownFileType = folder.assetcatalog; path = Assets.xcassets; sourceTree = "<group>"; };
		072EC1A81C377E350000506D /* Base */ = {isa = PBXFileReference; lastKnownFileType = file.storyboard; name = Base; path = Base.lproj/LaunchScreen.storyboard; sourceTree = "<group>"; };
		072EC1AA1C377E350000506D /* Info.plist */ = {isa = PBXFileReference; lastKnownFileType = text.plist.xml; path = Info.plist; sourceTree = "<group>"; };
		072EC1AF1C377E350000506D /* coredata_ios_essentialTests.xctest */ = {isa = PBXFileReference; explicitFileType = wrapper.cfbundle; includeInIndex = 0; path = coredata_ios_essentialTests.xctest; sourceTree = BUILT_PRODUCTS_DIR; };
		072EC1B31C377E350000506D /* coredata_ios_essentialTests.m */ = {isa = PBXFileReference; lastKnownFileType = sourcecode.c.objc; path = coredata_ios_essentialTests.m; sourceTree = "<group>"; };
		072EC1B51C377E350000506D /* Info.plist */ = {isa = PBXFileReference; lastKnownFileType = text.plist.xml; path = Info.plist; sourceTree = "<group>"; };
		072EC1BA1C377E350000506D /* coredata_ios_essentialUITests.xctest */ = {isa = PBXFileReference; explicitFileType = wrapper.cfbundle; includeInIndex = 0; path = coredata_ios_essentialUITests.xctest; sourceTree = BUILT_PRODUCTS_DIR; };
		072EC1BE1C377E350000506D /* coredata_ios_essentialUITests.m */ = {isa = PBXFileReference; lastKnownFileType = sourcecode.c.objc; path = coredata_ios_essentialUITests.m; sourceTree = "<group>"; };
		072EC1C01C377E350000506D /* Info.plist */ = {isa = PBXFileReference; lastKnownFileType = text.plist.xml; path = Info.plist; sourceTree = "<group>"; };
/* End PBXFileReference section */

/* Begin PBXFrameworksBuildPhase section */
		072EC1901C377E340000506D /* Frameworks */ = {
			isa = PBXFrameworksBuildPhase;
			buildActionMask = 2147483647;
			files = (
			);
			runOnlyForDeploymentPostprocessing = 0;
		};
		072EC1AC1C377E350000506D /* Frameworks */ = {
			isa = PBXFrameworksBuildPhase;
			buildActionMask = 2147483647;
			files = (
			);
			runOnlyForDeploymentPostprocessing = 0;
		};
		072EC1B71C377E350000506D /* Frameworks */ = {
			isa = PBXFrameworksBuildPhase;
			buildActionMask = 2147483647;
			files = (
			);
			runOnlyForDeploymentPostprocessing = 0;
		};
/* End PBXFrameworksBuildPhase section */

/* Begin PBXGroup section */
		072EC18A1C377E340000506D = {
			isa = PBXGroup;
			children = (
				072EC1951C377E340000506D /* coredata_ios_essential */,
				072EC1B21C377E350000506D /* coredata_ios_essentialTests */,
				072EC1BD1C377E350000506D /* coredata_ios_essentialUITests */,
				072EC1941C377E340000506D /* Products */,
			);
			sourceTree = "<group>";
		};
		072EC1941C377E340000506D /* Products */ = {
			isa = PBXGroup;
			children = (
				072EC1931C377E340000506D /* coredata_ios_essential.app */,
				072EC1AF1C377E350000506D /* coredata_ios_essentialTests.xctest */,
				072EC1BA1C377E350000506D /* coredata_ios_essentialUITests.xctest */,
			);
			name = Products;
			sourceTree = "<group>";
		};
		072EC1951C377E340000506D /* coredata_ios_essential */ = {
			isa = PBXGroup;
			children = (
				072EC1991C377E340000506D /* AppDelegate.h */,
				072EC19A1C377E340000506D /* AppDelegate.m */,
				072EC19C1C377E340000506D /* ViewController.h */,
				072EC19D1C377E340000506D /* ViewController.m */,
				072EC19F1C377E340000506D /* Main.storyboard */,
				072EC1A51C377E350000506D /* Assets.xcassets */,
				072EC1A71C377E350000506D /* LaunchScreen.storyboard */,
				072EC1AA1C377E350000506D /* Info.plist */,
				072EC1A21C377E340000506D /* coredata_ios_essential.xcdatamodeld */,
				072EC1961C377E340000506D /* Supporting Files */,
			);
			path = coredata_ios_essential;
			sourceTree = "<group>";
		};
		072EC1961C377E340000506D /* Supporting Files */ = {
			isa = PBXGroup;
			children = (
				072EC1971C377E340000506D /* main.m */,
			);
			name = "Supporting Files";
			sourceTree = "<group>";
		};
		072EC1B21C377E350000506D /* coredata_ios_essentialTests */ = {
			isa = PBXGroup;
			children = (
				072EC1B31C377E350000506D /* coredata_ios_essentialTests.m */,
				072EC1B51C377E350000506D /* Info.plist */,
			);
			path = coredata_ios_essentialTests;
			sourceTree = "<group>";
		};
		072EC1BD1C377E350000506D /* coredata_ios_essentialUITests */ = {
			isa = PBXGroup;
			children = (
				072EC1BE1C377E350000506D /* coredata_ios_essentialUITests.m */,
				072EC1C01C377E350000506D /* Info.plist */,
			);
			path = coredata_ios_essentialUITests;
			sourceTree = "<group>";
		};
/* End PBXGroup section */

/* Begin PBXNativeTarget section */
		072EC1921C377E340000506D /* coredata_ios_essential */ = {
			isa = PBXNativeTarget;
			buildConfigurationList = 072EC1C31C377E350000506D /* Build configuration list for PBXNativeTarget "coredata_ios_essential" */;
			buildPhases = (
				072EC18F1C377E340000506D /* Sources */,
				072EC1901C377E340000506D /* Frameworks */,
				072EC1911C377E340000506D /* Resources */,
			);
			buildRules = (
			);
			dependencies = (
			);
			name = coredata_ios_essential;
			productName = coredata_ios_essential;
			productReference = 072EC1931C377E340000506D /* coredata_ios_essential.app */;
			productType = "com.apple.product-type.application";
		};
		072EC1AE1C377E350000506D /* coredata_ios_essentialTests */ = {
			isa = PBXNativeTarget;
			buildConfigurationList = 072EC1C61C377E350000506D /* Build configuration list for PBXNativeTarget "coredata_ios_essentialTests" */;
			buildPhases = (
				072EC1AB1C377E350000506D /* Sources */,
				072EC1AC1C377E350000506D /* Frameworks */,
				072EC1AD1C377E350000506D /* Resources */,
			);
			buildRules = (
			);
			dependencies = (
				072EC1B11C377E350000506D /* PBXTargetDependency */,
			);
			name = coredata_ios_essentialTests;
			productName = coredata_ios_essentialTests;
			productReference = 072EC1AF1C377E350000506D /* coredata_ios_essentialTests.xctest */;
			productType = "com.apple.product-type.bundle.unit-test";
		};
		072EC1B91C377E350000506D /* coredata_ios_essentialUITests */ = {
			isa = PBXNativeTarget;
			buildConfigurationList = 072EC1C91C377E350000506D /* Build configuration list for PBXNativeTarget "coredata_ios_essentialUITests" */;
			buildPhases = (
				072EC1B61C377E350000506D /* Sources */,
				072EC1B71C377E350000506D /* Frameworks */,
				072EC1B81C377E350000506D /* Resources */,
			);
			buildRules = (
			);
			dependencies = (
				072EC1BC1C377E350000506D /* PBXTargetDependency */,
			);
			name = coredata_ios_essentialUITests;
			productName = coredata_ios_essentialUITests;
			productReference = 072EC1BA1C377E350000506D /* coredata_ios_essentialUITests.xctest */;
			productType = "com.apple.product-type.bundle.ui-testing";
		};
/* End PBXNativeTarget section */

/* Begin PBXProject section */
		072EC18B1C377E340000506D /* Project object */ = {
			isa = PBXProject;
			attributes = {
				LastUpgradeCheck = 0710;
				ORGANIZATIONNAME = Eric;
				TargetAttributes = {
					072EC1921C377E340000506D = {
						CreatedOnToolsVersion = 7.1.1;
					};
					072EC1AE1C377E350000506D = {
						CreatedOnToolsVersion = 7.1.1;
						TestTargetID = 072EC1921C377E340000506D;
					};
					072EC1B91C377E350000506D = {
						CreatedOnToolsVersion = 7.1.1;
						TestTargetID = 072EC1921C377E340000506D;
					};
				};
			};
			buildConfigurationList = 072EC18E1C377E340000506D /* Build configuration list for PBXProject "coredata_ios_essential" */;
			compatibilityVersion = "Xcode 3.2";
			developmentRegion = English;
			hasScannedForEncodings = 0;
			knownRegions = (
				en,
				Base,
			);
			mainGroup = 072EC18A1C377E340000506D;
			productRefGroup = 072EC1941C377E340000506D /* Products */;
			projectDirPath = "";
			projectRoot = "";
			targets = (
				072EC1921C377E340000506D /* coredata_ios_essential */,
				072EC1AE1C377E350000506D /* coredata_ios_essentialTests */,
				072EC1B91C377E350000506D /* coredata_ios_essentialUITests */,
			);
		};
/* End PBXProject section */

/* Begin PBXResourcesBuildPhase section */
		072EC1911C377E340000506D /* Resources */ = {
			isa = PBXResourcesBuildPhase;
			buildActionMask = 2147483647;
			files = (
				072EC1A91C377E350000506D /* LaunchScreen.storyboard in Resources */,
				072EC1A61C377E350000506D /* Assets.xcassets in Resources */,
				072EC1A11C377E340000506D /* Main.storyboard in Resources */,
			);
			runOnlyForDeploymentPostprocessing = 0;
		};
		072EC1AD1C377E350000506D /* Resources */ = {
			isa = PBXResourcesBuildPhase;
			buildActionMask = 2147483647;
			files = (
			);
			runOnlyForDeploymentPostprocessing = 0;
		};
		072EC1B81C377E350000506D /* Resources */ = {
			isa = PBXResourcesBuildPhase;
			buildActionMask = 2147483647;
			files = (
			);
			runOnlyForDeploymentPostprocessing = 0;
		};
/* End PBXResourcesBuildPhase section */

/* Begin PBXSourcesBuildPhase section */
		072EC18F1C377E340000506D /* Sources */ = {
			isa = PBXSourcesBuildPhase;
			buildActionMask = 2147483647;
			files = (
				072EC19E1C377E340000506D /* ViewController.m in Sources */,
				072EC19B1C377E340000506D /* AppDelegate.m in Sources */,
				072EC1981C377E340000506D /* main.m in Sources */,
				072EC1A41C377E340000506D /* coredata_ios_essential.xcdatamodeld in Sources */,
			);
			runOnlyForDeploymentPostprocessing = 0;
		};
		072EC1AB1C377E350000506D /* Sources */ = {
			isa = PBXSourcesBuildPhase;
			buildActionMask = 2147483647;
			files = (
				072EC1B41C377E350000506D /* coredata_ios_essentialTests.m in Sources */,
			);
			runOnlyForDeploymentPostprocessing = 0;
		};
		072EC1B61C377E350000506D /* Sources */ = {
			isa = PBXSourcesBuildPhase;
			buildActionMask = 2147483647;
			files = (
				072EC1BF1C377E350000506D /* coredata_ios_essentialUITests.m in Sources */,
			);
			runOnlyForDeploymentPostprocessing = 0;
		};
/* End PBXSourcesBuildPhase section */

/* Begin PBXTargetDependency section */
		072EC1B11C377E350000506D /* PBXTargetDependency */ = {
			isa = PBXTargetDependency;
			target = 072EC1921C377E340000506D /* coredata_ios_essential */;
			targetProxy = 072EC1B01C377E350000506D /* PBXContainerItemProxy */;
		};
		072EC1BC1C377E350000506D /* PBXTargetDependency */ = {
			isa = PBXTargetDependency;
			target = 072EC1921C377E340000506D /* coredata_ios_essential */;
			targetProxy = 072EC1BB1C377E350000506D /* PBXContainerItemProxy */;
		};
/* End PBXTargetDependency section */

/* Begin PBXVariantGroup section */
		072EC19F1C377E340000506D /* Main.storyboard */ = {
			isa = PBXVariantGroup;
			children = (
				072EC1A01C377E340000506D /* Base */,
			);
			name = Main.storyboard;
			sourceTree = "<group>";
		};
		072EC1A71C377E350000506D /* LaunchScreen.storyboard */ = {
			isa = PBXVariantGroup;
			children = (
				072EC1A81C377E350000506D /* Base */,
			);
			name = LaunchScreen.storyboard;
			sourceTree = "<group>";
		};
/* End PBXVariantGroup section */

/* Begin XCBuildConfiguration section */
		072EC1C11C377E350000506D /* Debug */ = {
			isa = XCBuildConfiguration;
			buildSettings = {
				ALWAYS_SEARCH_USER_PATHS = NO;
				CLANG_CXX_LANGUAGE_STANDARD = "gnu++0x";
				CLANG_CXX_LIBRARY = "libc++";
				CLANG_ENABLE_MODULES = YES;
				CLANG_ENABLE_OBJC_ARC = YES;
				CLANG_WARN_BOOL_CONVERSION = YES;
				CLANG_WARN_CONSTANT_CONVERSION = YES;
				CLANG_WARN_DIRECT_OBJC_ISA_USAGE = YES_ERROR;
				CLANG_WARN_EMPTY_BODY = YES;
				CLANG_WARN_ENUM_CONVERSION = YES;
				CLANG_WARN_INT_CONVERSION = YES;
				CLANG_WARN_OBJC_ROOT_CLASS = YES_ERROR;
				CLANG_WARN_UNREACHABLE_CODE = YES;
				CLANG_WARN__DUPLICATE_METHOD_MATCH = YES;
				"CODE_SIGN_IDENTITY[sdk=iphoneos*]" = "iPhone Developer";
				COPY_PHASE_STRIP = NO;
				DEBUG_INFORMATION_FORMAT = dwarf;
				ENABLE_STRICT_OBJC_MSGSEND = YES;
				ENABLE_TESTABILITY = YES;
				GCC_C_LANGUAGE_STANDARD = gnu99;
				GCC_DYNAMIC_NO_PIC = NO;
				GCC_NO_COMMON_BLOCKS = YES;
				GCC_OPTIMIZATION_LEVEL = 0;
				GCC_PREPROCESSOR_DEFINITIONS = (
					"DEBUG=1",
					"$(inherited)",
				);
				GCC_WARN_64_TO_32_BIT_CONVERSION = YES;
				GCC_WARN_ABOUT_RETURN_TYPE = YES_ERROR;
				GCC_WARN_UNDECLARED_SELECTOR = YES;
				GCC_WARN_UNINITIALIZED_AUTOS = YES_AGGRESSIVE;
				GCC_WARN_UNUSED_FUNCTION = YES;
				GCC_WARN_UNUSED_VARIABLE = YES;
				IPHONEOS_DEPLOYMENT_TARGET = 9.1;
				MTL_ENABLE_DEBUG_INFO = YES;
				ONLY_ACTIVE_ARCH = YES;
				SDKROOT = iphoneos;
			};
			name = Debug;
		};
		072EC1C21C377E350000506D /* Release */ = {
			isa = XCBuildConfiguration;
			buildSettings = {
				ALWAYS_SEARCH_USER_PATHS = NO;
				CLANG_CXX_LANGUAGE_STANDARD = "gnu++0x";
				CLANG_CXX_LIBRARY = "libc++";
				CLANG_ENABLE_MODULES = YES;
				CLANG_ENABLE_OBJC_ARC = YES;
				CLANG_WARN_BOOL_CONVERSION = YES;
				CLANG_WARN_CONSTANT_CONVERSION = YES;
				CLANG_WARN_DIRECT_OBJC_ISA_USAGE = YES_ERROR;
				CLANG_WARN_EMPTY_BODY = YES;
				CLANG_WARN_ENUM_CONVERSION = YES;
				CLANG_WARN_INT_CONVERSION = YES;
				CLANG_WARN_OBJC_ROOT_CLASS = YES_ERROR;
				CLANG_WARN_UNREACHABLE_CODE = YES;
				CLANG_WARN__DUPLICATE_METHOD_MATCH = YES;
				"CODE_SIGN_IDENTITY[sdk=iphoneos*]" = "iPhone Developer";
				COPY_PHASE_STRIP = NO;
				DEBUG_INFORMATION_FORMAT = "dwarf-with-dsym";
				ENABLE_NS_ASSERTIONS = NO;
				ENABLE_STRICT_OBJC_MSGSEND = YES;
				GCC_C_LANGUAGE_STANDARD = gnu99;
				GCC_NO_COMMON_BLOCKS = YES;
				GCC_WARN_64_TO_32_BIT_CONVERSION = YES;
				GCC_WARN_ABOUT_RETURN_TYPE = YES_ERROR;
				GCC_WARN_UNDECLARED_SELECTOR = YES;
				GCC_WARN_UNINITIALIZED_AUTOS = YES_AGGRESSIVE;
				GCC_WARN_UNUSED_FUNCTION = YES;
				GCC_WARN_UNUSED_VARIABLE = YES;
				IPHONEOS_DEPLOYMENT_TARGET = 9.1;
				MTL_ENABLE_DEBUG_INFO = NO;
				SDKROOT = iphoneos;
				VALIDATE_PRODUCT = YES;
			};
			name = Release;
		};
		072EC1C41C377E350000506D /* Debug */ = {
			isa = XCBuildConfiguration;
			buildSettings = {
				ASSETCATALOG_COMPILER_APPICON_NAME = AppIcon;
				INFOPLIST_FILE = coredata_ios_essential/Info.plist;
				LD_RUNPATH_SEARCH_PATHS = "$(inherited) @executable_path/Frameworks";
				PRODUCT_BUNDLE_IDENTIFIER = "osu.coredata-ios-essential";
				PRODUCT_NAME = "$(TARGET_NAME)";
			};
			name = Debug;
		};
		072EC1C51C377E350000506D /* Release */ = {
			isa = XCBuildConfiguration;
			buildSettings = {
				ASSETCATALOG_COMPILER_APPICON_NAME = AppIcon;
				INFOPLIST_FILE = coredata_ios_essential/Info.plist;
				LD_RUNPATH_SEARCH_PATHS = "$(inherited) @executable_path/Frameworks";
				PRODUCT_BUNDLE_IDENTIFIER = "osu.coredata-ios-essential";
				PRODUCT_NAME = "$(TARGET_NAME)";
			};
			name = Release;
		};
		072EC1C71C377E350000506D /* Debug */ = {
			isa = XCBuildConfiguration;
			buildSettings = {
				BUNDLE_LOADER = "$(TEST_HOST)";
				INFOPLIST_FILE = coredata_ios_essentialTests/Info.plist;
				LD_RUNPATH_SEARCH_PATHS = "$(inherited) @executable_path/Frameworks @loader_path/Frameworks";
				PRODUCT_BUNDLE_IDENTIFIER = "osu.coredata-ios-essentialTests";
				PRODUCT_NAME = "$(TARGET_NAME)";
				TEST_HOST = "$(BUILT_PRODUCTS_DIR)/coredata_ios_essential.app/coredata_ios_essential";
			};
			name = Debug;
		};
		072EC1C81C377E350000506D /* Release */ = {
			isa = XCBuildConfiguration;
			buildSettings = {
				BUNDLE_LOADER = "$(TEST_HOST)";
				INFOPLIST_FILE = coredata_ios_essentialTests/Info.plist;
				LD_RUNPATH_SEARCH_PATHS = "$(inherited) @executable_path/Frameworks @loader_path/Frameworks";
				PRODUCT_BUNDLE_IDENTIFIER = "osu.coredata-ios-essentialTests";
				PRODUCT_NAME = "$(TARGET_NAME)";
				TEST_HOST = "$(BUILT_PRODUCTS_DIR)/coredata_ios_essential.app/coredata_ios_essential";
			};
			name = Release;
		};
		072EC1CA1C377E350000506D /* Debug */ = {
			isa = XCBuildConfiguration;
			buildSettings = {
				INFOPLIST_FILE = coredata_ios_essentialUITests/Info.plist;
				LD_RUNPATH_SEARCH_PATHS = "$(inherited) @executable_path/Frameworks @loader_path/Frameworks";
				PRODUCT_BUNDLE_IDENTIFIER = "osu.coredata-ios-essentialUITests";
				PRODUCT_NAME = "$(TARGET_NAME)";
				TEST_TARGET_NAME = coredata_ios_essential;
				USES_XCTRUNNER = YES;
			};
			name = Debug;
		};
		072EC1CB1C377E350000506D /* Release */ = {
			isa = XCBuildConfiguration;
			buildSettings = {
				INFOPLIST_FILE = coredata_ios_essentialUITests/Info.plist;
				LD_RUNPATH_SEARCH_PATHS = "$(inherited) @executable_path/Frameworks @loader_path/Frameworks";
				PRODUCT_BUNDLE_IDENTIFIER = "osu.coredata-ios-essentialUITests";
				PRODUCT_NAME = "$(TARGET_NAME)";
				TEST_TARGET_NAME = coredata_ios_essential;
				USES_XCTRUNNER = YES;
			};
			name = Release;
		};
/* End XCBuildConfiguration section */

/* Begin XCConfigurationList section */
		072EC18E1C377E340000506D /* Build configuration list for PBXProject "coredata_ios_essential" */ = {
			isa = XCConfigurationList;
			buildConfigurations = (
				072EC1C11C377E350000506D /* Debug */,
				072EC1C21C377E350000506D /* Release */,
			);
			defaultConfigurationIsVisible = 0;
			defaultConfigurationName = Release;
		};
		072EC1C31C377E350000506D /* Build configuration list for PBXNativeTarget "coredata_ios_essential" */ = {
			isa = XCConfigurationList;
			buildConfigurations = (
				072EC1C41C377E350000506D /* Debug */,
				072EC1C51C377E350000506D /* Release */,
			);
			defaultConfigurationIsVisible = 0;
		};
		072EC1C61C377E350000506D /* Build configuration list for PBXNativeTarget "coredata_ios_essentialTests" */ = {
			isa = XCConfigurationList;
			buildConfigurations = (
				072EC1C71C377E350000506D /* Debug */,
				072EC1C81C377E350000506D /* Release */,
			);
			defaultConfigurationIsVisible = 0;
		};
		072EC1C91C377E350000506D /* Build configuration list for PBXNativeTarget "coredata_ios_essentialUITests" */ = {
			isa = XCConfigurationList;
			buildConfigurations = (
				072EC1CA1C377E350000506D /* Debug */,
				072EC1CB1C377E350000506D /* Release */,
			);
			defaultConfigurationIsVisible = 0;
		};
/* End XCConfigurationList section */

/* Begin XCVersionGroup section */
		072EC1A21C377E340000506D /* coredata_ios_essential.xcdatamodeld */ = {
			isa = XCVersionGroup;
			children = (
				072EC1A31C377E340000506D /* coredata_ios_essential.xcdatamodel */,
			);
			currentVersion = 072EC1A31C377E340000506D /* coredata_ios_essential.xcdatamodel */;
			path = coredata_ios_essential.xcdatamodeld;
			sourceTree = "<group>";
			versionGroupType = wrapper.xcdatamodel;
		};
/* End XCVersionGroup section */
	};
	rootObject = 072EC18B1C377E340000506D /* Project object */;
}
